
Microsoft Visual Studio Solution File, Format Version 12.00
# Visual Studio Version 17
VisualStudioVersion = 17.5.002.0
MinimumVisualStudioVersion = 10.0.40219.1
Project("{2150E333-8FDC-42A3-9474-1A3956D46DE8}") = "csharp-prep", "csharp-prep", "{EC08392F-D0F4-48E3-A1AC-A30D000E0A04}"
EndProject
Project("{9A19103F-16F7-4668-BE54-9A1E7A4F7556}") = "Prep1", "csharp-prep\Prep1\Prep1.csproj", "{E99B3E1C-EFFF-48DA-BFAB-BC9257F1CD95}"
EndProject
Project("{9A19103F-16F7-4668-BE54-9A1E7A4F7556}") = "Prep2", "csharp-prep\Prep2\Prep2.csproj", "{6433A76E-F1DF-4882-B057-C328D2BB77CE}"
EndProject
Project("{9A19103F-16F7-4668-BE54-9A1E7A4F7556}") = "Prep3", "csharp-prep\Prep3\Prep3.csproj", "{70191702-02E2-47F0-9D7C-370C262F9F84}"
EndProject
Project("{9A19103F-16F7-4668-BE54-9A1E7A4F7556}") = "Prep4", "csharp-prep\Prep4\Prep4.csproj", "{BB070758-9ECE-4621-ABC7-39E60498B811}"
EndProject
Project("{9A19103F-16F7-4668-BE54-9A1E7A4F7556}") = "Prep5", "csharp-prep\Prep5\Prep5.csproj", "{E2B69473-7CAE-43BE-87AA-7389865BC51C}"
EndProject
Project("{2150E333-8FDC-42A3-9474-1A3956D46DE8}") = "final", "final", "{5D403AAD-7020-4BD1-8585-585384D968B8}"
EndProject
Project("{9A19103F-16F7-4668-BE54-9A1E7A4F7556}") = "FinalProject", "final\FinalProject\FinalProject.csproj", "{38AF139D-F345-4B07-A96C-2FD20E6DD829}"
EndProject
Project("{9A19103F-16F7-4668-BE54-9A1E7A4F7556}") = "Foundation1", "final\Foundation1\Foundation1.csproj", "{34440529-6CC7-4F7C-9487-BE02E45A5BFA}"
EndProject
Project("{9A19103F-16F7-4668-BE54-9A1E7A4F7556}") = "Foundation2", "final\Foundation2\Foundation2.csproj", "{AC4AB7DE-DE20-4131-B29C-AD7D22A7D965}"
EndProject
Project("{9A19103F-16F7-4668-BE54-9A1E7A4F7556}") = "Foundation3", "final\Foundation3\Foundation3.csproj", "{1EC72760-5725-47D3-B288-8FBC644665E4}"
EndProject
Project("{9A19103F-16F7-4668-BE54-9A1E7A4F7556}") = "Foundation4", "final\Foundation4\Foundation4.csproj", "{CFE15B32-1215-44CC-89ED-1FD2398A611C}"
EndProject
Project("{2150E333-8FDC-42A3-9474-1A3956D46DE8}") = "prepare", "prepare", "{80C381C8-8D19-4C4E-8278-37E275930CD9}"
EndProject
Project("{9A19103F-16F7-4668-BE54-9A1E7A4F7556}") = "Learning02", "prepare\Learning02\Learning02.csproj", "{32F6CF22-A1CE-4874-BE03-ECEEE9840513}"
EndProject
Project("{9A19103F-16F7-4668-BE54-9A1E7A4F7556}") = "Learning03", "prepare\Learning03\Learning03.csproj", "{A894A173-6972-4FCD-8DEF-D7E8355820EB}"
EndProject
Project("{9A19103F-16F7-4668-BE54-9A1E7A4F7556}") = "Learning04", "prepare\Learning04\Learning04.csproj", "{3CE30F06-F7C0-4115-BBCB-F85F98F376C0}"
EndProject
Project("{9A19103F-16F7-4668-BE54-9A1E7A4F7556}") = "Learning05", "prepare\Learning05\Learning05.csproj", "{696BB7B4-6CDD-418F-86E6-EB899FCD18F8}"
EndProject
Project("{2150E333-8FDC-42A3-9474-1A3956D46DE8}") = "prove", "prove", "{E6F6FF28-3F03-4757-8AB8-1DF92AAC3B40}"
EndProject
Project("{9A19103F-16F7-4668-BE54-9A1E7A4F7556}") = "Develop02", "prove\Develop02\Develop02.csproj", "{7B4DB420-11E6-44FD-9F75-E3E994FD3FF0}"
EndProject
Project("{9A19103F-16F7-4668-BE54-9A1E7A4F7556}") = "Develop03", "prove\Develop03\Develop03.csproj", "{10AC7224-BDD1-4343-AFD9-F8BB88B874AC}"
EndProject
Project("{9A19103F-16F7-4668-BE54-9A1E7A4F7556}") = "Develop04", "prove\Develop04\Develop04.csproj", "{2F389806-9681-4A5D-8CBC-1E9954698795}"
EndProject
Project("{9A19103F-16F7-4668-BE54-9A1E7A4F7556}") = "Develop05", "prove\Develop05\Develop05.csproj", "{FCE090FC-FC34-42FC-A29F-3DFDEB00EBB9}"
EndProject
Project("{2150E333-8FDC-42A3-9474-1A3956D46DE8}") = "sandbox", "sandbox", "{26BD585C-78B3-4CE5-94A3-209B9F4A0A4F}"
EndProject
Project("{9A19103F-16F7-4668-BE54-9A1E7A4F7556}") = "Sandbox", "sandbox\Sandbox\Sandbox.csproj", "{070051C3-23E2-439F-9ED4-DD7679EC9E72}"
EndProject
Global
	GlobalSection(SolutionConfigurationPlatforms) = preSolution
		Debug|Any CPU = Debug|Any CPU
		Release|Any CPU = Release|Any CPU
	EndGlobalSection
	GlobalSection(ProjectConfigurationPlatforms) = postSolution
		{E99B3E1C-EFFF-48DA-BFAB-BC9257F1CD95}.Debug|Any CPU.ActiveCfg = Debug|Any CPU
		{E99B3E1C-EFFF-48DA-BFAB-BC9257F1CD95}.Debug|Any CPU.Build.0 = Debug|Any CPU
		{E99B3E1C-EFFF-48DA-BFAB-BC9257F1CD95}.Release|Any CPU.ActiveCfg = Release|Any CPU
		{E99B3E1C-EFFF-48DA-BFAB-BC9257F1CD95}.Release|Any CPU.Build.0 = Release|Any CPU
		{6433A76E-F1DF-4882-B057-C328D2BB77CE}.Debug|Any CPU.ActiveCfg = Debug|Any CPU
		{6433A76E-F1DF-4882-B057-C328D2BB77CE}.Debug|Any CPU.Build.0 = Debug|Any CPU
		{6433A76E-F1DF-4882-B057-C328D2BB77CE}.Release|Any CPU.ActiveCfg = Release|Any CPU
		{6433A76E-F1DF-4882-B057-C328D2BB77CE}.Release|Any CPU.Build.0 = Release|Any CPU
		{70191702-02E2-47F0-9D7C-370C262F9F84}.Debug|Any CPU.ActiveCfg = Debug|Any CPU
		{70191702-02E2-47F0-9D7C-370C262F9F84}.Debug|Any CPU.Build.0 = Debug|Any CPU
		{70191702-02E2-47F0-9D7C-370C262F9F84}.Release|Any CPU.ActiveCfg = Release|Any CPU
		{70191702-02E2-47F0-9D7C-370C262F9F84}.Release|Any CPU.Build.0 = Release|Any CPU
		{BB070758-9ECE-4621-ABC7-39E60498B811}.Debug|Any CPU.ActiveCfg = Debug|Any CPU
		{BB070758-9ECE-4621-ABC7-39E60498B811}.Debug|Any CPU.Build.0 = Debug|Any CPU
		{BB070758-9ECE-4621-ABC7-39E60498B811}.Release|Any CPU.ActiveCfg = Release|Any CPU
		{BB070758-9ECE-4621-ABC7-39E60498B811}.Release|Any CPU.Build.0 = Release|Any CPU
		{E2B69473-7CAE-43BE-87AA-7389865BC51C}.Debug|Any CPU.ActiveCfg = Debug|Any CPU
		{E2B69473-7CAE-43BE-87AA-7389865BC51C}.Debug|Any CPU.Build.0 = Debug|Any CPU
		{E2B69473-7CAE-43BE-87AA-7389865BC51C}.Release|Any CPU.ActiveCfg = Release|Any CPU
		{E2B69473-7CAE-43BE-87AA-7389865BC51C}.Release|Any CPU.Build.0 = Release|Any CPU
		{38AF139D-F345-4B07-A96C-2FD20E6DD829}.Debug|Any CPU.ActiveCfg = Debug|Any CPU
		{38AF139D-F345-4B07-A96C-2FD20E6DD829}.Debug|Any CPU.Build.0 = Debug|Any CPU
		{38AF139D-F345-4B07-A96C-2FD20E6DD829}.Release|Any CPU.ActiveCfg = Release|Any CPU
		{38AF139D-F345-4B07-A96C-2FD20E6DD829}.Release|Any CPU.Build.0 = Release|Any CPU
		{34440529-6CC7-4F7C-9487-BE02E45A5BFA}.Debug|Any CPU.ActiveCfg = Debug|Any CPU
		{34440529-6CC7-4F7C-9487-BE02E45A5BFA}.Debug|Any CPU.Build.0 = Debug|Any CPU
		{34440529-6CC7-4F7C-9487-BE02E45A5BFA}.Release|Any CPU.ActiveCfg = Release|Any CPU
		{34440529-6CC7-4F7C-9487-BE02E45A5BFA}.Release|Any CPU.Build.0 = Release|Any CPU
		{AC4AB7DE-DE20-4131-B29C-AD7D22A7D965}.Debug|Any CPU.ActiveCfg = Debug|Any CPU
		{AC4AB7DE-DE20-4131-B29C-AD7D22A7D965}.Debug|Any CPU.Build.0 = Debug|Any CPU
		{AC4AB7DE-DE20-4131-B29C-AD7D22A7D965}.Release|Any CPU.ActiveCfg = Release|Any CPU
		{AC4AB7DE-DE20-4131-B29C-AD7D22A7D965}.Release|Any CPU.Build.0 = Release|Any CPU
		{1EC72760-5725-47D3-B288-8FBC644665E4}.Debug|Any CPU.ActiveCfg = Debug|Any CPU
		{1EC72760-5725-47D3-B288-8FBC644665E4}.Debug|Any CPU.Build.0 = Debug|Any CPU
		{1EC72760-5725-47D3-B288-8FBC644665E4}.Release|Any CPU.ActiveCfg = Release|Any CPU
		{1EC72760-5725-47D3-B288-8FBC644665E4}.Release|Any CPU.Build.0 = Release|Any CPU
		{CFE15B32-1215-44CC-89ED-1FD2398A611C}.Debug|Any CPU.ActiveCfg = Debug|Any CPU
		{CFE15B32-1215-44CC-89ED-1FD2398A611C}.Debug|Any CPU.Build.0 = Debug|Any CPU
		{CFE15B32-1215-44CC-89ED-1FD2398A611C}.Release|Any CPU.ActiveCfg = Release|Any CPU
		{CFE15B32-1215-44CC-89ED-1FD2398A611C}.Release|Any CPU.Build.0 = Release|Any CPU
		{32F6CF22-A1CE-4874-BE03-ECEEE9840513}.Debug|Any CPU.ActiveCfg = Debug|Any CPU
		{32F6CF22-A1CE-4874-BE03-ECEEE9840513}.Debug|Any CPU.Build.0 = Debug|Any CPU
		{32F6CF22-A1CE-4874-BE03-ECEEE9840513}.Release|Any CPU.ActiveCfg = Release|Any CPU
		{32F6CF22-A1CE-4874-BE03-ECEEE9840513}.Release|Any CPU.Build.0 = Release|Any CPU
		{A894A173-6972-4FCD-8DEF-D7E8355820EB}.Debug|Any CPU.ActiveCfg = Debug|Any CPU
		{A894A173-6972-4FCD-8DEF-D7E8355820EB}.Debug|Any CPU.Build.0 = Debug|Any CPU
		{A894A173-6972-4FCD-8DEF-D7E8355820EB}.Release|Any CPU.ActiveCfg = Release|Any CPU
		{A894A173-6972-4FCD-8DEF-D7E8355820EB}.Release|Any CPU.Build.0 = Release|Any CPU
		{3CE30F06-F7C0-4115-BBCB-F85F98F376C0}.Debug|Any CPU.ActiveCfg = Debug|Any CPU
		{3CE30F06-F7C0-4115-BBCB-F85F98F376C0}.Debug|Any CPU.Build.0 = Debug|Any CPU
		{3CE30F06-F7C0-4115-BBCB-F85F98F376C0}.Release|Any CPU.ActiveCfg = Release|Any CPU
		{3CE30F06-F7C0-4115-BBCB-F85F98F376C0}.Release|Any CPU.Build.0 = Release|Any CPU
		{696BB7B4-6CDD-418F-86E6-EB899FCD18F8}.Debug|Any CPU.ActiveCfg = Debug|Any CPU
		{696BB7B4-6CDD-418F-86E6-EB899FCD18F8}.Debug|Any CPU.Build.0 = Debug|Any CPU
		{696BB7B4-6CDD-418F-86E6-EB899FCD18F8}.Release|Any CPU.ActiveCfg = Release|Any CPU
		{696BB7B4-6CDD-418F-86E6-EB899FCD18F8}.Release|Any CPU.Build.0 = Release|Any CPU
		{7B4DB420-11E6-44FD-9F75-E3E994FD3FF0}.Debug|Any CPU.ActiveCfg = Debug|Any CPU
		{7B4DB420-11E6-44FD-9F75-E3E994FD3FF0}.Debug|Any CPU.Build.0 = Debug|Any CPU
		{7B4DB420-11E6-44FD-9F75-E3E994FD3FF0}.Release|Any CPU.ActiveCfg = Release|Any CPU
		{7B4DB420-11E6-44FD-9F75-E3E994FD3FF0}.Release|Any CPU.Build.0 = Release|Any CPU
		{10AC7224-BDD1-4343-AFD9-F8BB88B874AC}.Debug|Any CPU.ActiveCfg = Debug|Any CPU
		{10AC7224-BDD1-4343-AFD9-F8BB88B874AC}.Debug|Any CPU.Build.0 = Debug|Any CPU
		{10AC7224-BDD1-4343-AFD9-F8BB88B874AC}.Release|Any CPU.ActiveCfg = Release|Any CPU
		{10AC7224-BDD1-4343-AFD9-F8BB88B874AC}.Release|Any CPU.Build.0 = Release|Any CPU
		{2F389806-9681-4A5D-8CBC-1E9954698795}.Debug|Any CPU.ActiveCfg = Debug|Any CPU
		{2F389806-9681-4A5D-8CBC-1E9954698795}.Debug|Any CPU.Build.0 = Debug|Any CPU
		{2F389806-9681-4A5D-8CBC-1E9954698795}.Release|Any CPU.ActiveCfg = Release|Any CPU
		{2F389806-9681-4A5D-8CBC-1E9954698795}.Release|Any CPU.Build.0 = Release|Any CPU
		{FCE090FC-FC34-42FC-A29F-3DFDEB00EBB9}.Debug|Any CPU.ActiveCfg = Debug|Any CPU
		{FCE090FC-FC34-42FC-A29F-3DFDEB00EBB9}.Debug|Any CPU.Build.0 = Debug|Any CPU
		{FCE090FC-FC34-42FC-A29F-3DFDEB00EBB9}.Release|Any CPU.ActiveCfg = Release|Any CPU
		{FCE090FC-FC34-42FC-A29F-3DFDEB00EBB9}.Release|Any CPU.Build.0 = Release|Any CPU
		{070051C3-23E2-439F-9ED4-DD7679EC9E72}.Debug|Any CPU.ActiveCfg = Debug|Any CPU
		{070051C3-23E2-439F-9ED4-DD7679EC9E72}.Debug|Any CPU.Build.0 = Debug|Any CPU
		{070051C3-23E2-439F-9ED4-DD7679EC9E72}.Release|Any CPU.ActiveCfg = Release|Any CPU
		{070051C3-23E2-439F-9ED4-DD7679EC9E72}.Release|Any CPU.Build.0 = Release|Any CPU
	EndGlobalSection
	GlobalSection(SolutionProperties) = preSolution
		HideSolutionNode = FALSE
	EndGlobalSection
	GlobalSection(NestedProjects) = preSolution
		{E99B3E1C-EFFF-48DA-BFAB-BC9257F1CD95} = {EC08392F-D0F4-48E3-A1AC-A30D000E0A04}
		{6433A76E-F1DF-4882-B057-C328D2BB77CE} = {EC08392F-D0F4-48E3-A1AC-A30D000E0A04}
		{70191702-02E2-47F0-9D7C-370C262F9F84} = {EC08392F-D0F4-48E3-A1AC-A30D000E0A04}
		{BB070758-9ECE-4621-ABC7-39E60498B811} = {EC08392F-D0F4-48E3-A1AC-A30D000E0A04}
		{E2B69473-7CAE-43BE-87AA-7389865BC51C} = {EC08392F-D0F4-48E3-A1AC-A30D000E0A04}
		{38AF139D-F345-4B07-A96C-2FD20E6DD829} = {5D403AAD-7020-4BD1-8585-585384D968B8}
		{34440529-6CC7-4F7C-9487-BE02E45A5BFA} = {5D403AAD-7020-4BD1-8585-585384D968B8}
		{AC4AB7DE-DE20-4131-B29C-AD7D22A7D965} = {5D403AAD-7020-4BD1-8585-585384D968B8}
		{1EC72760-5725-47D3-B288-8FBC644665E4} = {5D403AAD-7020-4BD1-8585-585384D968B8}
		{CFE15B32-1215-44CC-89ED-1FD2398A611C} = {5D403AAD-7020-4BD1-8585-585384D968B8}
		{32F6CF22-A1CE-4874-BE03-ECEEE9840513} = {80C381C8-8D19-4C4E-8278-37E275930CD9}
		{A894A173-6972-4FCD-8DEF-D7E8355820EB} = {80C381C8-8D19-4C4E-8278-37E275930CD9}
		{3CE30F06-F7C0-4115-BBCB-F85F98F376C0} = {80C381C8-8D19-4C4E-8278-37E275930CD9}
		{696BB7B4-6CDD-418F-86E6-EB899FCD18F8} = {80C381C8-8D19-4C4E-8278-37E275930CD9}
		{7B4DB420-11E6-44FD-9F75-E3E994FD3FF0} = {E6F6FF28-3F03-4757-8AB8-1DF92AAC3B40}
		{10AC7224-BDD1-4343-AFD9-F8BB88B874AC} = {E6F6FF28-3F03-4757-8AB8-1DF92AAC3B40}
		{2F389806-9681-4A5D-8CBC-1E9954698795} = {E6F6FF28-3F03-4757-8AB8-1DF92AAC3B40}
		{FCE090FC-FC34-42FC-A29F-3DFDEB00EBB9} = {E6F6FF28-3F03-4757-8AB8-1DF92AAC3B40}
		{070051C3-23E2-439F-9ED4-DD7679EC9E72} = {26BD585C-78B3-4CE5-94A3-209B9F4A0A4F}
	EndGlobalSection
	GlobalSection(ExtensibilityGlobals) = postSolution
		SolutionGuid = {75CD7530-B955-4E4B-BE3B-0019D9E3B132}
	EndGlobalSection
EndGlobal
